// !$*UTF8*$!
{
	archiveVersion = 1;
	classes = {
	};
	objectVersion = 46;
	objects = {

/* Begin PBXBuildFile section */
		F55DE52B1AA351D10037657D /* SFCore.h in Headers */ = {isa = PBXBuildFile; fileRef = F55DE52A1AA351D10037657D /* SFCore.h */; settings = {ATTRIBUTES = (Public, ); }; };
		F55DE5311AA351D20037657D /* SFCore.framework in Frameworks */ = {isa = PBXBuildFile; fileRef = F55DE5251AA351D10037657D /* SFCore.framework */; };
		F55DE5381AA351D20037657D /* SFCoreTests.swift in Sources */ = {isa = PBXBuildFile; fileRef = F55DE5371AA351D20037657D /* SFCoreTests.swift */; };
		F55DE5481AA3D2060037657D /* Array+SG.swift in Sources */ = {isa = PBXBuildFile; fileRef = F55DE5461AA3D2060037657D /* Array+SG.swift */; };
		F55DE5491AA3D2060037657D /* Array+SG.swift in Sources */ = {isa = PBXBuildFile; fileRef = F55DE5461AA3D2060037657D /* Array+SG.swift */; };
		F55DE54A1AA3D2060037657D /* SFBlocks.swift in Sources */ = {isa = PBXBuildFile; fileRef = F55DE5471AA3D2060037657D /* SFBlocks.swift */; };
		F55DE54B1AA3D2060037657D /* SFBlocks.swift in Sources */ = {isa = PBXBuildFile; fileRef = F55DE5471AA3D2060037657D /* SFBlocks.swift */; };
		F55DE54D1AA3D47B0037657D /* String+SFCharacters.swift in Sources */ = {isa = PBXBuildFile; fileRef = F55DE54C1AA3D47B0037657D /* String+SFCharacters.swift */; };
		F55DE54E1AA3D47B0037657D /* String+SFCharacters.swift in Sources */ = {isa = PBXBuildFile; fileRef = F55DE54C1AA3D47B0037657D /* String+SFCharacters.swift */; };
		F55DE5521AA3D57F0037657D /* SFFileManager.swift in Sources */ = {isa = PBXBuildFile; fileRef = F55DE5501AA3D57F0037657D /* SFFileManager.swift */; };
		F55DE5531AA3D57F0037657D /* SFFileManager.swift in Sources */ = {isa = PBXBuildFile; fileRef = F55DE5501AA3D57F0037657D /* SFFileManager.swift */; };
		F55DE5541AA3D57F0037657D /* SFFileManagerProtocol.swift in Sources */ = {isa = PBXBuildFile; fileRef = F55DE5511AA3D57F0037657D /* SFFileManagerProtocol.swift */; };
		F55DE5551AA3D57F0037657D /* SFFileManagerProtocol.swift in Sources */ = {isa = PBXBuildFile; fileRef = F55DE5511AA3D57F0037657D /* SFFileManagerProtocol.swift */; };
		F55DE5721AA3D7C80037657D /* SFErrors.framework in Frameworks */ = {isa = PBXBuildFile; fileRef = F55DE5711AA3D7C80037657D /* SFErrors.framework */; };
		F55DE59E1AA3E8EA0037657D /* SFQueue.swift in Sources */ = {isa = PBXBuildFile; fileRef = F55DE59C1AA3E8EA0037657D /* SFQueue.swift */; };
		F55DE59F1AA3E8EA0037657D /* SFQueue.swift in Sources */ = {isa = PBXBuildFile; fileRef = F55DE59C1AA3E8EA0037657D /* SFQueue.swift */; };
		F55DE5A21AA3E8EA0037657D /* SFSet.swift in Sources */ = {isa = PBXBuildFile; fileRef = F55DE59D1AA3E8EA0037657D /* SFSet.swift */; };
		F55DE5A31AA3E8EA0037657D /* SFSet.swift in Sources */ = {isa = PBXBuildFile; fileRef = F55DE59D1AA3E8EA0037657D /* SFSet.swift */; };
		F55DE5A61AA3F02A0037657D /* SFErrors.framework in Frameworks */ = {isa = PBXBuildFile; fileRef = F55DE5711AA3D7C80037657D /* SFErrors.framework */; };
/* End PBXBuildFile section */

/* Begin PBXContainerItemProxy section */
		F55DE5321AA351D20037657D /* PBXContainerItemProxy */ = {
			isa = PBXContainerItemProxy;
			containerPortal = F55DE51C1AA351D10037657D /* Project object */;
			proxyType = 1;
			remoteGlobalIDString = F55DE5241AA351D10037657D;
			remoteInfo = SFCore;
		};
/* End PBXContainerItemProxy section */

/* Begin PBXFileReference section */
		F55DE5251AA351D10037657D /* SFCore.framework */ = {isa = PBXFileReference; explicitFileType = wrapper.framework; includeInIndex = 0; path = SFCore.framework; sourceTree = BUILT_PRODUCTS_DIR; };
		F55DE5291AA351D10037657D /* Info.plist */ = {isa = PBXFileReference; lastKnownFileType = text.plist.xml; path = Info.plist; sourceTree = "<group>"; };
		F55DE52A1AA351D10037657D /* SFCore.h */ = {isa = PBXFileReference; lastKnownFileType = sourcecode.c.h; path = SFCore.h; sourceTree = "<group>"; };
		F55DE5301AA351D20037657D /* SFCoreTests.xctest */ = {isa = PBXFileReference; explicitFileType = wrapper.cfbundle; includeInIndex = 0; path = SFCoreTests.xctest; sourceTree = BUILT_PRODUCTS_DIR; };
		F55DE5361AA351D20037657D /* Info.plist */ = {isa = PBXFileReference; lastKnownFileType = text.plist.xml; path = Info.plist; sourceTree = "<group>"; };
		F55DE5371AA351D20037657D /* SFCoreTests.swift */ = {isa = PBXFileReference; lastKnownFileType = sourcecode.swift; path = SFCoreTests.swift; sourceTree = "<group>"; };
		F55DE5461AA3D2060037657D /* Array+SG.swift */ = {isa = PBXFileReference; fileEncoding = 4; lastKnownFileType = sourcecode.swift; path = "Array+SG.swift"; sourceTree = "<group>"; };
		F55DE5471AA3D2060037657D /* SFBlocks.swift */ = {isa = PBXFileReference; fileEncoding = 4; lastKnownFileType = sourcecode.swift; path = SFBlocks.swift; sourceTree = "<group>"; };
		F55DE54C1AA3D47B0037657D /* String+SFCharacters.swift */ = {isa = PBXFileReference; fileEncoding = 4; lastKnownFileType = sourcecode.swift; path = "String+SFCharacters.swift"; sourceTree = "<group>"; };
		F55DE5501AA3D57F0037657D /* SFFileManager.swift */ = {isa = PBXFileReference; fileEncoding = 4; lastKnownFileType = sourcecode.swift; path = SFFileManager.swift; sourceTree = "<group>"; };
		F55DE5511AA3D57F0037657D /* SFFileManagerProtocol.swift */ = {isa = PBXFileReference; fileEncoding = 4; lastKnownFileType = sourcecode.swift; path = SFFileManagerProtocol.swift; sourceTree = "<group>"; };
		F55DE5711AA3D7C80037657D /* SFErrors.framework */ = {isa = PBXFileReference; lastKnownFileType = wrapper.framework; name = SFErrors.framework; path = Carthage/Build/iOS/SFErrors.framework; sourceTree = "<group>"; };
		F55DE59C1AA3E8EA0037657D /* SFQueue.swift */ = {isa = PBXFileReference; fileEncoding = 4; lastKnownFileType = sourcecode.swift; path = SFQueue.swift; sourceTree = "<group>"; };
		F55DE59D1AA3E8EA0037657D /* SFSet.swift */ = {isa = PBXFileReference; fileEncoding = 4; lastKnownFileType = sourcecode.swift; path = SFSet.swift; sourceTree = "<group>"; };
/* End PBXFileReference section */

/* Begin PBXFrameworksBuildPhase section */
		F55DE5211AA351D10037657D /* Frameworks */ = {
			isa = PBXFrameworksBuildPhase;
			buildActionMask = 2147483647;
			files = (
				F55DE5721AA3D7C80037657D /* SFErrors.framework in Frameworks */,
			);
			runOnlyForDeploymentPostprocessing = 0;
		};
		F55DE52D1AA351D20037657D /* Frameworks */ = {
			isa = PBXFrameworksBuildPhase;
			buildActionMask = 2147483647;
			files = (
				F55DE5A61AA3F02A0037657D /* SFErrors.framework in Frameworks */,
				F55DE5311AA351D20037657D /* SFCore.framework in Frameworks */,
			);
			runOnlyForDeploymentPostprocessing = 0;
		};
/* End PBXFrameworksBuildPhase section */

/* Begin PBXGroup section */
		F55DE51B1AA351D10037657D = {
			isa = PBXGroup;
			children = (
				F55DE5711AA3D7C80037657D /* SFErrors.framework */,
				F55DE5271AA351D10037657D /* SFCore */,
				F55DE5341AA351D20037657D /* SFCoreTests */,
				F55DE5261AA351D10037657D /* Products */,
			);
			sourceTree = "<group>";
		};
		F55DE5261AA351D10037657D /* Products */ = {
			isa = PBXGroup;
			children = (
				F55DE5251AA351D10037657D /* SFCore.framework */,
				F55DE5301AA351D20037657D /* SFCoreTests.xctest */,
			);
			name = Products;
			sourceTree = "<group>";
		};
		F55DE5271AA351D10037657D /* SFCore */ = {
			isa = PBXGroup;
			children = (
				F55DE5441AA3D2060037657D /* sources */,
				F55DE52A1AA351D10037657D /* SFCore.h */,
				F55DE5281AA351D10037657D /* Supporting Files */,
			);
			path = SFCore;
			sourceTree = "<group>";
		};
		F55DE5281AA351D10037657D /* Supporting Files */ = {
			isa = PBXGroup;
			children = (
				F55DE5291AA351D10037657D /* Info.plist */,
			);
			name = "Supporting Files";
			sourceTree = "<group>";
		};
		F55DE5341AA351D20037657D /* SFCoreTests */ = {
			isa = PBXGroup;
			children = (
				F55DE5371AA351D20037657D /* SFCoreTests.swift */,
				F55DE5351AA351D20037657D /* Supporting Files */,
			);
			path = SFCoreTests;
			sourceTree = "<group>";
		};
		F55DE5351AA351D20037657D /* Supporting Files */ = {
			isa = PBXGroup;
			children = (
				F55DE5361AA351D20037657D /* Info.plist */,
			);
			name = "Supporting Files";
			sourceTree = "<group>";
		};
		F55DE5441AA3D2060037657D /* sources */ = {
			isa = PBXGroup;
			children = (
				F55DE59B1AA3E8EA0037657D /* _structures */,
				F55DE54F1AA3D57F0037657D /* _files */,
				F55DE5451AA3D2060037657D /* _extensions */,
			);
			path = sources;
			sourceTree = "<group>";
		};
		F55DE5451AA3D2060037657D /* _extensions */ = {
			isa = PBXGroup;
			children = (
				F55DE5461AA3D2060037657D /* Array+SG.swift */,
				F55DE5471AA3D2060037657D /* SFBlocks.swift */,
				F55DE54C1AA3D47B0037657D /* String+SFCharacters.swift */,
			);
			path = _extensions;
			sourceTree = "<group>";
		};
		F55DE54F1AA3D57F0037657D /* _files */ = {
			isa = PBXGroup;
			children = (
				F55DE5501AA3D57F0037657D /* SFFileManager.swift */,
				F55DE5511AA3D57F0037657D /* SFFileManagerProtocol.swift */,
			);
			path = _files;
			sourceTree = "<group>";
		};
		F55DE59B1AA3E8EA0037657D /* _structures */ = {
			isa = PBXGroup;
			children = (
				F55DE59C1AA3E8EA0037657D /* SFQueue.swift */,
				F55DE59D1AA3E8EA0037657D /* SFSet.swift */,
			);
			path = _structures;
			sourceTree = "<group>";
		};
/* End PBXGroup section */

/* Begin PBXHeadersBuildPhase section */
		F55DE5221AA351D10037657D /* Headers */ = {
			isa = PBXHeadersBuildPhase;
			buildActionMask = 2147483647;
			files = (
				F55DE52B1AA351D10037657D /* SFCore.h in Headers */,
			);
			runOnlyForDeploymentPostprocessing = 0;
		};
/* End PBXHeadersBuildPhase section */

/* Begin PBXNativeTarget section */
		F55DE5241AA351D10037657D /* SFCore */ = {
			isa = PBXNativeTarget;
			buildConfigurationList = F55DE53B1AA351D20037657D /* Build configuration list for PBXNativeTarget "SFCore" */;
			buildPhases = (
				F55DE5201AA351D10037657D /* Sources */,
				F55DE5211AA351D10037657D /* Frameworks */,
				F55DE5221AA351D10037657D /* Headers */,
				F55DE5231AA351D10037657D /* Resources */,
				F55DE5431AA3559D0037657D /* Carthage copy script */,
			);
			buildRules = (
			);
			dependencies = (
			);
			name = SFCore;
			productName = SFCore;
			productReference = F55DE5251AA351D10037657D /* SFCore.framework */;
			productType = "com.apple.product-type.framework";
		};
		F55DE52F1AA351D20037657D /* SFCoreTests */ = {
			isa = PBXNativeTarget;
			buildConfigurationList = F55DE53E1AA351D20037657D /* Build configuration list for PBXNativeTarget "SFCoreTests" */;
			buildPhases = (
				F55DE52C1AA351D20037657D /* Sources */,
				F55DE52D1AA351D20037657D /* Frameworks */,
				F55DE52E1AA351D20037657D /* Resources */,
			);
			buildRules = (
			);
			dependencies = (
				F55DE5331AA351D20037657D /* PBXTargetDependency */,
			);
			name = SFCoreTests;
			productName = SFCoreTests;
			productReference = F55DE5301AA351D20037657D /* SFCoreTests.xctest */;
			productType = "com.apple.product-type.bundle.unit-test";
		};
/* End PBXNativeTarget section */

/* Begin PBXProject section */
		F55DE51C1AA351D10037657D /* Project object */ = {
			isa = PBXProject;
			attributes = {
				LastUpgradeCheck = 0610;
				ORGANIZATIONNAME = "Samuel Grau";
				TargetAttributes = {
					F55DE5241AA351D10037657D = {
						CreatedOnToolsVersion = 6.1.1;
					};
					F55DE52F1AA351D20037657D = {
						CreatedOnToolsVersion = 6.1.1;
					};
				};
			};
			buildConfigurationList = F55DE51F1AA351D10037657D /* Build configuration list for PBXProject "SFCore" */;
			compatibilityVersion = "Xcode 3.2";
			developmentRegion = English;
			hasScannedForEncodings = 0;
			knownRegions = (
				en,
			);
			mainGroup = F55DE51B1AA351D10037657D;
			productRefGroup = F55DE5261AA351D10037657D /* Products */;
			projectDirPath = "";
			projectRoot = "";
			targets = (
				F55DE5241AA351D10037657D /* SFCore */,
				F55DE52F1AA351D20037657D /* SFCoreTests */,
			);
		};
/* End PBXProject section */

/* Begin PBXResourcesBuildPhase section */
		F55DE5231AA351D10037657D /* Resources */ = {
			isa = PBXResourcesBuildPhase;
			buildActionMask = 2147483647;
			files = (
			);
			runOnlyForDeploymentPostprocessing = 0;
		};
		F55DE52E1AA351D20037657D /* Resources */ = {
			isa = PBXResourcesBuildPhase;
			buildActionMask = 2147483647;
			files = (
			);
			runOnlyForDeploymentPostprocessing = 0;
		};
/* End PBXResourcesBuildPhase section */

/* Begin PBXShellScriptBuildPhase section */
		F55DE5431AA3559D0037657D /* Carthage copy script */ = {
			isa = PBXShellScriptBuildPhase;
			buildActionMask = 2147483647;
			files = (
			);
			inputPaths = (
				"$(SRCROOT)/Carthage/Build/iOS/SFErrors.framework",
			);
			name = "Carthage copy script";
			outputPaths = (
			);
			runOnlyForDeploymentPostprocessing = 0;
			shellPath = /bin/sh;
			shellScript = "if [ ! -f /usr/local/bin/carthage ]; then\n    echo \"File not found!\"\nelse\n    /usr/local/bin/carthage copy-frameworks\nfi";
		};
/* End PBXShellScriptBuildPhase section */

/* Begin PBXSourcesBuildPhase section */
		F55DE5201AA351D10037657D /* Sources */ = {
			isa = PBXSourcesBuildPhase;
			buildActionMask = 2147483647;
			files = (
				F55DE54A1AA3D2060037657D /* SFBlocks.swift in Sources */,
				F55DE5A21AA3E8EA0037657D /* SFSet.swift in Sources */,
				F55DE5481AA3D2060037657D /* Array+SG.swift in Sources */,
				F55DE59E1AA3E8EA0037657D /* SFQueue.swift in Sources */,
				F55DE5521AA3D57F0037657D /* SFFileManager.swift in Sources */,
				F55DE5541AA3D57F0037657D /* SFFileManagerProtocol.swift in Sources */,
				F55DE54D1AA3D47B0037657D /* String+SFCharacters.swift in Sources */,
			);
			runOnlyForDeploymentPostprocessing = 0;
		};
		F55DE52C1AA351D20037657D /* Sources */ = {
			isa = PBXSourcesBuildPhase;
			buildActionMask = 2147483647;
			files = (
				F55DE5531AA3D57F0037657D /* SFFileManager.swift in Sources */,
				F55DE5A31AA3E8EA0037657D /* SFSet.swift in Sources */,
				F55DE59F1AA3E8EA0037657D /* SFQueue.swift in Sources */,
				F55DE5381AA351D20037657D /* SFCoreTests.swift in Sources */,
				F55DE54B1AA3D2060037657D /* SFBlocks.swift in Sources */,
				F55DE5491AA3D2060037657D /* Array+SG.swift in Sources */,
				F55DE5551AA3D57F0037657D /* SFFileManagerProtocol.swift in Sources */,
				F55DE54E1AA3D47B0037657D /* String+SFCharacters.swift in Sources */,
			);
			runOnlyForDeploymentPostprocessing = 0;
		};
/* End PBXSourcesBuildPhase section */

/* Begin PBXTargetDependency section */
		F55DE5331AA351D20037657D /* PBXTargetDependency */ = {
			isa = PBXTargetDependency;
			target = F55DE5241AA351D10037657D /* SFCore */;
			targetProxy = F55DE5321AA351D20037657D /* PBXContainerItemProxy */;
		};
/* End PBXTargetDependency section */

/* Begin XCBuildConfiguration section */
		F55DE5391AA351D20037657D /* Debug */ = {
			isa = XCBuildConfiguration;
			buildSettings = {
				ALWAYS_SEARCH_USER_PATHS = NO;
				CLANG_CXX_LANGUAGE_STANDARD = "gnu++0x";
				CLANG_CXX_LIBRARY = "libc++";
				CLANG_ENABLE_MODULES = YES;
				CLANG_ENABLE_OBJC_ARC = YES;
				CLANG_WARN_BOOL_CONVERSION = YES;
				CLANG_WARN_CONSTANT_CONVERSION = YES;
				CLANG_WARN_DIRECT_OBJC_ISA_USAGE = YES_ERROR;
				CLANG_WARN_EMPTY_BODY = YES;
				CLANG_WARN_ENUM_CONVERSION = YES;
				CLANG_WARN_INT_CONVERSION = YES;
				CLANG_WARN_OBJC_ROOT_CLASS = YES_ERROR;
				CLANG_WARN_UNREACHABLE_CODE = YES;
				CLANG_WARN__DUPLICATE_METHOD_MATCH = YES;
				"CODE_SIGN_IDENTITY[sdk=iphoneos*]" = "iPhone Developer";
				COPY_PHASE_STRIP = NO;
				CURRENT_PROJECT_VERSION = 1;
				ENABLE_STRICT_OBJC_MSGSEND = YES;
				GCC_C_LANGUAGE_STANDARD = gnu99;
				GCC_DYNAMIC_NO_PIC = NO;
				GCC_OPTIMIZATION_LEVEL = 0;
				GCC_PREPROCESSOR_DEFINITIONS = (
					"DEBUG=1",
					"$(inherited)",
				);
				GCC_SYMBOLS_PRIVATE_EXTERN = NO;
				GCC_WARN_64_TO_32_BIT_CONVERSION = YES;
				GCC_WARN_ABOUT_RETURN_TYPE = YES_ERROR;
				GCC_WARN_UNDECLARED_SELECTOR = YES;
				GCC_WARN_UNINITIALIZED_AUTOS = YES_AGGRESSIVE;
				GCC_WARN_UNUSED_FUNCTION = YES;
				GCC_WARN_UNUSED_VARIABLE = YES;
				IPHONEOS_DEPLOYMENT_TARGET = 8.1;
				MTL_ENABLE_DEBUG_INFO = YES;
				ONLY_ACTIVE_ARCH = YES;
				SDKROOT = iphoneos;
				SWIFT_OPTIMIZATION_LEVEL = "-Onone";
				TARGETED_DEVICE_FAMILY = "1,2";
				VERSIONING_SYSTEM = "apple-generic";
				VERSION_INFO_PREFIX = "";
			};
			name = Debug;
		};
		F55DE53A1AA351D20037657D /* Release */ = {
			isa = XCBuildConfiguration;
			buildSettings = {
				ALWAYS_SEARCH_USER_PATHS = NO;
				CLANG_CXX_LANGUAGE_STANDARD = "gnu++0x";
				CLANG_CXX_LIBRARY = "libc++";
				CLANG_ENABLE_MODULES = YES;
				CLANG_ENABLE_OBJC_ARC = YES;
				CLANG_WARN_BOOL_CONVERSION = YES;
				CLANG_WARN_CONSTANT_CONVERSION = YES;
				CLANG_WARN_DIRECT_OBJC_ISA_USAGE = YES_ERROR;
				CLANG_WARN_EMPTY_BODY = YES;
				CLANG_WARN_ENUM_CONVERSION = YES;
				CLANG_WARN_INT_CONVERSION = YES;
				CLANG_WARN_OBJC_ROOT_CLASS = YES_ERROR;
				CLANG_WARN_UNREACHABLE_CODE = YES;
				CLANG_WARN__DUPLICATE_METHOD_MATCH = YES;
				"CODE_SIGN_IDENTITY[sdk=iphoneos*]" = "iPhone Developer";
				COPY_PHASE_STRIP = YES;
				CURRENT_PROJECT_VERSION = 1;
				ENABLE_NS_ASSERTIONS = NO;
				ENABLE_STRICT_OBJC_MSGSEND = YES;
				GCC_C_LANGUAGE_STANDARD = gnu99;
				GCC_WARN_64_TO_32_BIT_CONVERSION = YES;
				GCC_WARN_ABOUT_RETURN_TYPE = YES_ERROR;
				GCC_WARN_UNDECLARED_SELECTOR = YES;
				GCC_WARN_UNINITIALIZED_AUTOS = YES_AGGRESSIVE;
				GCC_WARN_UNUSED_FUNCTION = YES;
				GCC_WARN_UNUSED_VARIABLE = YES;
				IPHONEOS_DEPLOYMENT_TARGET = 8.1;
				MTL_ENABLE_DEBUG_INFO = NO;
				SDKROOT = iphoneos;
				TARGETED_DEVICE_FAMILY = "1,2";
				VALIDATE_PRODUCT = YES;
				VERSIONING_SYSTEM = "apple-generic";
				VERSION_INFO_PREFIX = "";
			};
			name = Release;
		};
		F55DE53C1AA351D20037657D /* Debug */ = {
			isa = XCBuildConfiguration;
			buildSettings = {
				DEFINES_MODULE = YES;
				DYLIB_COMPATIBILITY_VERSION = 1;
				DYLIB_CURRENT_VERSION = 1;
				DYLIB_INSTALL_NAME_BASE = "@rpath";
				FRAMEWORK_SEARCH_PATHS = (
					"$(inherited)",
					"$(PROJECT_DIR)/Carthage/Build/iOS",
				);
				INFOPLIST_FILE = SFCore/Info.plist;
				INSTALL_PATH = "$(LOCAL_LIBRARY_DIR)/Frameworks";
				LD_RUNPATH_SEARCH_PATHS = "$(inherited) @executable_path/Frameworks @loader_path/Frameworks";
				PRODUCT_NAME = "$(TARGET_NAME)";
				SKIP_INSTALL = YES;
			};
			name = Debug;
		};
		F55DE53D1AA351D20037657D /* Release */ = {
			isa = XCBuildConfiguration;
			buildSettings = {
				DEFINES_MODULE = YES;
				DYLIB_COMPATIBILITY_VERSION = 1;
				DYLIB_CURRENT_VERSION = 1;
				DYLIB_INSTALL_NAME_BASE = "@rpath";
				FRAMEWORK_SEARCH_PATHS = (
					"$(inherited)",
					"$(PROJECT_DIR)/Carthage/Build/iOS",
				);
				INFOPLIST_FILE = SFCore/Info.plist;
				INSTALL_PATH = "$(LOCAL_LIBRARY_DIR)/Frameworks";
				LD_RUNPATH_SEARCH_PATHS = "$(inherited) @executable_path/Frameworks @loader_path/Frameworks";
				PRODUCT_NAME = "$(TARGET_NAME)";
				SKIP_INSTALL = YES;
			};
			name = Release;
		};
		F55DE53F1AA351D20037657D /* Debug */ = {
			isa = XCBuildConfiguration;
			buildSettings = {
				FRAMEWORK_SEARCH_PATHS = (
					"$(SDKROOT)/Developer/Library/Frameworks",
					"$(inherited)",
					"$(PROJECT_DIR)/Carthage/Build/iOS",
				);
				GCC_PREPROCESSOR_DEFINITIONS = (
					"DEBUG=1",
					"$(inherited)",
				);
				INFOPLIST_FILE = SFCoreTests/Info.plist;
				LD_RUNPATH_SEARCH_PATHS = "$(inherited) @executable_path/Frameworks @loader_path/Frameworks";
				PRODUCT_NAME = "$(TARGET_NAME)";
			};
			name = Debug;
		};
		F55DE5401AA351D20037657D /* Release */ = {
			isa = XCBuildConfiguration;
			buildSettings = {
				FRAMEWORK_SEARCH_PATHS = (
					"$(SDKROOT)/Developer/Library/Frameworks",
					"$(inherited)",
					"$(PROJECT_DIR)/Carthage/Build/iOS",
				);
				INFOPLIST_FILE = SFCoreTests/Info.plist;
				LD_RUNPATH_SEARCH_PATHS = "$(inherited) @executable_path/Frameworks @loader_path/Frameworks";
				PRODUCT_NAME = "$(TARGET_NAME)";
			};
			name = Release;
		};
/* End XCBuildConfiguration section */

/* Begin XCConfigurationList section */
		F55DE51F1AA351D10037657D /* Build configuration list for PBXProject "SFCore" */ = {
			isa = XCConfigurationList;
			buildConfigurations = (
				F55DE5391AA351D20037657D /* Debug */,
				F55DE53A1AA351D20037657D /* Release */,
			);
			defaultConfigurationIsVisible = 0;
			defaultConfigurationName = Release;
		};
		F55DE53B1AA351D20037657D /* Build configuration list for PBXNativeTarget "SFCore" */ = {
			isa = XCConfigurationList;
			buildConfigurations = (
				F55DE53C1AA351D20037657D /* Debug */,
				F55DE53D1AA351D20037657D /* Release */,
			);
			defaultConfigurationIsVisible = 0;
		};
		F55DE53E1AA351D20037657D /* Build configuration list for PBXNativeTarget "SFCoreTests" */ = {
			isa = XCConfigurationList;
			buildConfigurations = (
				F55DE53F1AA351D20037657D /* Debug */,
				F55DE5401AA351D20037657D /* Release */,
			);
			defaultConfigurationIsVisible = 0;
		};
/* End XCConfigurationList section */
	};
	rootObject = F55DE51C1AA351D10037657D /* Project object */;
}
